// !$*UTF8*$!
{
	archiveVersion = 1;
	classes = {
	};
	objectVersion = 70;
	objects = {

/* Begin PBXBuildFile section */
		171936842D8730DA00ECB17D /* WidgetKit.framework in Frameworks */ = {isa = PBXBuildFile; fileRef = 1781C7982D79CD4D0064FB7A /* WidgetKit.framework */; };
		171936852D8730DA00ECB17D /* SwiftUI.framework in Frameworks */ = {isa = PBXBuildFile; fileRef = 1781C79A2D79CD4D0064FB7A /* SwiftUI.framework */; };
		171936902D8730DB00ECB17D /* BatteryInfoLockScreenWidgetExtension.appex in Embed Foundation Extensions */ = {isa = PBXBuildFile; fileRef = 171936832D8730DA00ECB17D /* BatteryInfoLockScreenWidgetExtension.appex */; settings = {ATTRIBUTES = (RemoveHeadersOnCopy, ); }; };
		171D16682D8735E50025AE19 /* Localizable.xcstrings in Resources */ = {isa = PBXBuildFile; fileRef = 17B0EDBF2D49C07B00F77781 /* Localizable.xcstrings */; };
		1731F9BB2D50D02600AA1FD5 /* DeviceController.m in Sources */ = {isa = PBXBuildFile; fileRef = 1731F9BA2D50D02600AA1FD5 /* DeviceController.m */; };
		1781C7992D79CD4D0064FB7A /* WidgetKit.framework in Frameworks */ = {isa = PBXBuildFile; fileRef = 1781C7982D79CD4D0064FB7A /* WidgetKit.framework */; };
		1781C79B2D79CD4D0064FB7A /* SwiftUI.framework in Frameworks */ = {isa = PBXBuildFile; fileRef = 1781C79A2D79CD4D0064FB7A /* SwiftUI.framework */; };
		1781C7AC2D79CD4E0064FB7A /* BatteryInfoWidgetExtension.appex in Embed Foundation Extensions */ = {isa = PBXBuildFile; fileRef = 1781C7972D79CD4D0064FB7A /* BatteryInfoWidgetExtension.appex */; settings = {ATTRIBUTES = (RemoveHeadersOnCopy, ); }; };
		1781C7B62D79D1540064FB7A /* Localizable.xcstrings in Resources */ = {isa = PBXBuildFile; fileRef = 17B0EDBF2D49C07B00F77781 /* Localizable.xcstrings */; };
		1781C7CB2D79FF5E0064FB7A /* WidgetController.swift in Sources */ = {isa = PBXBuildFile; fileRef = 1781C7CA2D79FF5E0064FB7A /* WidgetController.swift */; };
		1781C7E82D7A2E900064FB7A /* WidgetSettingsIntent.intentdefinition in Sources */ = {isa = PBXBuildFile; fileRef = 1781C7E72D7A2E900064FB7A /* WidgetSettingsIntent.intentdefinition */; };
		1781C7E92D7A2E900064FB7A /* WidgetSettingsIntent.intentdefinition in Sources */ = {isa = PBXBuildFile; fileRef = 1781C7E72D7A2E900064FB7A /* WidgetSettingsIntent.intentdefinition */; };
		1781C81E2D7B81AA0064FB7A /* WidgetController.swift in Sources */ = {isa = PBXBuildFile; fileRef = 1781C7CA2D79FF5E0064FB7A /* WidgetController.swift */; };
		179E78992D1D5E49009C29C9 /* UIKit.framework in Frameworks */ = {isa = PBXBuildFile; fileRef = 179E78982D1D5E49009C29C9 /* UIKit.framework */; };
		179E789B2D1D5E4F009C29C9 /* CoreGraphics.framework in Frameworks */ = {isa = PBXBuildFile; fileRef = 179E789A2D1D5E4F009C29C9 /* CoreGraphics.framework */; };
		179E789D2D1D5E55009C29C9 /* IOKit.framework in Frameworks */ = {isa = PBXBuildFile; fileRef = 179E789C2D1D5E55009C29C9 /* IOKit.framework */; };
		17A0DB252DCBD3B6006DEDA6 /* SettingsBatteryDataController.swift in Sources */ = {isa = PBXBuildFile; fileRef = 17A0DB242DCBD3B6006DEDA6 /* SettingsBatteryDataController.swift */; };
		17B0EDC02D49C07B00F77781 /* Localizable.xcstrings in Resources */ = {isa = PBXBuildFile; fileRef = 17B0EDBF2D49C07B00F77781 /* Localizable.xcstrings */; };
		17B0EDC22D49C0A600F77781 /* InfoPlist.xcstrings in Resources */ = {isa = PBXBuildFile; fileRef = 17B0EDC12D49C0A600F77781 /* InfoPlist.xcstrings */; };
		17BC113C2D521A79009924BF /* BatteryManufacturer.xcstrings in Resources */ = {isa = PBXBuildFile; fileRef = 17BC113B2D521A79009924BF /* BatteryManufacturer.xcstrings */; };
		17BC11CE2D5506F9009924BF /* BatteryRecordDatabaseManager.swift in Sources */ = {isa = PBXBuildFile; fileRef = 17BC11CD2D5506F9009924BF /* BatteryRecordDatabaseManager.swift */; };
		17D996D32D1D50A60056394C /* AppDelegate.swift in Sources */ = {isa = PBXBuildFile; fileRef = 17D996D22D1D50A60056394C /* AppDelegate.swift */; };
		17D996DC2D1D50A60056394C /* Assets.xcassets in Resources */ = {isa = PBXBuildFile; fileRef = 17D996DB2D1D50A60056394C /* Assets.xcassets */; };
		17D996DF2D1D50A60056394C /* LaunchScreen.storyboard in Resources */ = {isa = PBXBuildFile; fileRef = 17D996DD2D1D50A60056394C /* LaunchScreen.storyboard */; };
		17E83C792DD093B00093DAE7 /* ApplicationLanguageController.swift in Sources */ = {isa = PBXBuildFile; fileRef = 17E83C782DD093B00093DAE7 /* ApplicationLanguageController.swift */; };
		17F66BE62D2A1C7A0097A29A /* BatteryHelper.a in Frameworks */ = {isa = PBXBuildFile; fileRef = 17F66BE52D2A1C7A0097A29A /* BatteryHelper.a */; };
		17F66BEE2D2A52580097A29A /* BatteryDataController.swift in Sources */ = {isa = PBXBuildFile; fileRef = 17F66BED2D2A52580097A29A /* BatteryDataController.swift */; };
/* End PBXBuildFile section */

/* Begin PBXContainerItemProxy section */
		1719368E2D8730DB00ECB17D /* PBXContainerItemProxy */ = {
			isa = PBXContainerItemProxy;
			containerPortal = 17D996C72D1D50A50056394C /* Project object */;
			proxyType = 1;
			remoteGlobalIDString = 171936822D8730DA00ECB17D;
			remoteInfo = BatteryInfoLockScreenWidgetExtension;
		};
		1781C7AA2D79CD4E0064FB7A /* PBXContainerItemProxy */ = {
			isa = PBXContainerItemProxy;
			containerPortal = 17D996C72D1D50A50056394C /* Project object */;
			proxyType = 1;
			remoteGlobalIDString = 1781C7962D79CD4D0064FB7A;
			remoteInfo = BatteryInfoWidgetExtension;
		};
/* End PBXContainerItemProxy section */

/* Begin PBXCopyFilesBuildPhase section */
		1781C7AD2D79CD4E0064FB7A /* Embed Foundation Extensions */ = {
			isa = PBXCopyFilesBuildPhase;
			buildActionMask = 12;
			dstPath = "";
			dstSubfolderSpec = 13;
			files = (
				1781C7AC2D79CD4E0064FB7A /* BatteryInfoWidgetExtension.appex in Embed Foundation Extensions */,
				171936902D8730DB00ECB17D /* BatteryInfoLockScreenWidgetExtension.appex in Embed Foundation Extensions */,
			);
			name = "Embed Foundation Extensions";
			runOnlyForDeploymentPostprocessing = 0;
		};
/* End PBXCopyFilesBuildPhase section */

/* Begin PBXFileReference section */
		171936832D8730DA00ECB17D /* BatteryInfoLockScreenWidgetExtension.appex */ = {isa = PBXFileReference; explicitFileType = "wrapper.app-extension"; includeInIndex = 0; path = BatteryInfoLockScreenWidgetExtension.appex; sourceTree = BUILT_PRODUCTS_DIR; };
		171D3B9B2D8979C900AA624E /* zh-Hans */ = {isa = PBXFileReference; lastKnownFileType = text.plist.strings; name = "zh-Hans"; path = "zh-Hans.lproj/WidgetSettingsIntent.strings"; sourceTree = "<group>"; };
		1731F9B92D50D02600AA1FD5 /* DeviceController.h */ = {isa = PBXFileReference; lastKnownFileType = sourcecode.c.h; path = DeviceController.h; sourceTree = "<group>"; };
		1731F9BA2D50D02600AA1FD5 /* DeviceController.m */ = {isa = PBXFileReference; lastKnownFileType = sourcecode.c.objc; path = DeviceController.m; sourceTree = "<group>"; };
		173AC2172D7C1368002EE482 /* ExtensionKit.framework */ = {isa = PBXFileReference; lastKnownFileType = wrapper.framework; name = ExtensionKit.framework; path = System/Library/Frameworks/ExtensionKit.framework; sourceTree = SDKROOT; };
		175BAB6C2D7C724300FB4733 /* BatteryInfo.entitlements */ = {isa = PBXFileReference; lastKnownFileType = text.plist.entitlements; path = BatteryInfo.entitlements; sourceTree = "<group>"; };
		1781C7972D79CD4D0064FB7A /* BatteryInfoWidgetExtension.appex */ = {isa = PBXFileReference; explicitFileType = "wrapper.app-extension"; includeInIndex = 0; path = BatteryInfoWidgetExtension.appex; sourceTree = BUILT_PRODUCTS_DIR; };
		1781C7982D79CD4D0064FB7A /* WidgetKit.framework */ = {isa = PBXFileReference; lastKnownFileType = wrapper.framework; name = WidgetKit.framework; path = System/Library/Frameworks/WidgetKit.framework; sourceTree = SDKROOT; };
		1781C79A2D79CD4D0064FB7A /* SwiftUI.framework */ = {isa = PBXFileReference; lastKnownFileType = wrapper.framework; name = SwiftUI.framework; path = System/Library/Frameworks/SwiftUI.framework; sourceTree = SDKROOT; };
		1781C7CA2D79FF5E0064FB7A /* WidgetController.swift */ = {isa = PBXFileReference; lastKnownFileType = sourcecode.swift; path = WidgetController.swift; sourceTree = "<group>"; };
		1781C7E62D7A2E900064FB7A /* en */ = {isa = PBXFileReference; lastKnownFileType = file.intentdefinition; name = en; path = en.lproj/WidgetSettingsIntent.intentdefinition; sourceTree = "<group>"; };
		1781C82A2D7C02A50064FB7A /* ExtensionFoundation.framework */ = {isa = PBXFileReference; lastKnownFileType = wrapper.framework; name = ExtensionFoundation.framework; path = System/Library/Frameworks/ExtensionFoundation.framework; sourceTree = SDKROOT; };
		179E78902D1D52A0009C29C9 /* BatteryInfo-Bridging-Header.h */ = {isa = PBXFileReference; lastKnownFileType = sourcecode.c.h; path = "BatteryInfo-Bridging-Header.h"; sourceTree = "<group>"; };
		179E78912D1D52A0009C29C9 /* BatteryHelper.h */ = {isa = PBXFileReference; fileEncoding = 4; lastKnownFileType = sourcecode.c.h; path = BatteryHelper.h; sourceTree = "<group>"; };
		179E78982D1D5E49009C29C9 /* UIKit.framework */ = {isa = PBXFileReference; lastKnownFileType = wrapper.framework; name = UIKit.framework; path = System/Library/Frameworks/UIKit.framework; sourceTree = SDKROOT; };
		179E789A2D1D5E4F009C29C9 /* CoreGraphics.framework */ = {isa = PBXFileReference; lastKnownFileType = wrapper.framework; name = CoreGraphics.framework; path = System/Library/Frameworks/CoreGraphics.framework; sourceTree = SDKROOT; };
		179E789C2D1D5E55009C29C9 /* IOKit.framework */ = {isa = PBXFileReference; lastKnownFileType = wrapper.framework; name = IOKit.framework; path = System/Library/Frameworks/IOKit.framework; sourceTree = SDKROOT; };
		17A0DB242DCBD3B6006DEDA6 /* SettingsBatteryDataController.swift */ = {isa = PBXFileReference; lastKnownFileType = sourcecode.swift; path = SettingsBatteryDataController.swift; sourceTree = "<group>"; };
		17B0EDBF2D49C07B00F77781 /* Localizable.xcstrings */ = {isa = PBXFileReference; lastKnownFileType = text.json.xcstrings; path = Localizable.xcstrings; sourceTree = "<group>"; };
		17B0EDC12D49C0A600F77781 /* InfoPlist.xcstrings */ = {isa = PBXFileReference; lastKnownFileType = text.json.xcstrings; name = InfoPlist.xcstrings; path = BatteryInfo/InfoPlist.xcstrings; sourceTree = SOURCE_ROOT; };
		17BC113B2D521A79009924BF /* BatteryManufacturer.xcstrings */ = {isa = PBXFileReference; lastKnownFileType = text.json.xcstrings; path = BatteryManufacturer.xcstrings; sourceTree = "<group>"; };
		17BC11CD2D5506F9009924BF /* BatteryRecordDatabaseManager.swift */ = {isa = PBXFileReference; lastKnownFileType = sourcecode.swift; path = BatteryRecordDatabaseManager.swift; sourceTree = "<group>"; };
		17D996CF2D1D50A60056394C /* BatteryInfo.app */ = {isa = PBXFileReference; explicitFileType = wrapper.application; includeInIndex = 0; path = BatteryInfo.app; sourceTree = BUILT_PRODUCTS_DIR; };
		17D996D22D1D50A60056394C /* AppDelegate.swift */ = {isa = PBXFileReference; lastKnownFileType = sourcecode.swift; path = AppDelegate.swift; sourceTree = "<group>"; };
		17D996DB2D1D50A60056394C /* Assets.xcassets */ = {isa = PBXFileReference; lastKnownFileType = folder.assetcatalog; path = Assets.xcassets; sourceTree = "<group>"; };
		17D996DE2D1D50A60056394C /* Base */ = {isa = PBXFileReference; lastKnownFileType = file.storyboard; name = Base; path = Base.lproj/LaunchScreen.storyboard; sourceTree = "<group>"; };
		17D996E02D1D50A60056394C /* Info.plist */ = {isa = PBXFileReference; lastKnownFileType = text.plist.xml; path = Info.plist; sourceTree = "<group>"; };
		17E83C782DD093B00093DAE7 /* ApplicationLanguageController.swift */ = {isa = PBXFileReference; lastKnownFileType = sourcecode.swift; path = ApplicationLanguageController.swift; sourceTree = "<group>"; };
		17F66BE52D2A1C7A0097A29A /* BatteryHelper.a */ = {isa = PBXFileReference; lastKnownFileType = archive.ar; path = BatteryHelper.a; sourceTree = "<group>"; };
		17F66BED2D2A52580097A29A /* BatteryDataController.swift */ = {isa = PBXFileReference; lastKnownFileType = sourcecode.swift; path = BatteryDataController.swift; sourceTree = "<group>"; };
/* End PBXFileReference section */

/* Begin PBXFileSystemSynchronizedBuildFileExceptionSet section */
		171936912D8730DB00ECB17D /* PBXFileSystemSynchronizedBuildFileExceptionSet */ = {
			isa = PBXFileSystemSynchronizedBuildFileExceptionSet;
			membershipExceptions = (
				Info.plist,
			);
			target = 171936822D8730DA00ECB17D /* BatteryInfoLockScreenWidgetExtension */;
		};
		1781C7B02D79CD4E0064FB7A /* PBXFileSystemSynchronizedBuildFileExceptionSet */ = {
			isa = PBXFileSystemSynchronizedBuildFileExceptionSet;
			membershipExceptions = (
				Info.plist,
			);
			target = 1781C7962D79CD4D0064FB7A /* BatteryInfoWidgetExtension */;
		};
		1781C7BE2D79D9D70064FB7A /* PBXFileSystemSynchronizedBuildFileExceptionSet */ = {
			isa = PBXFileSystemSynchronizedBuildFileExceptionSet;
			membershipExceptions = (
				PlistManagerUtils.swift,
				SettingsUtils.swift,
				WidgetUtils.swift,
			);
			target = 1781C7962D79CD4D0064FB7A /* BatteryInfoWidgetExtension */;
		};
		1781C7C02D79D9F10064FB7A /* PBXFileSystemSynchronizedBuildFileExceptionSet */ = {
			isa = PBXFileSystemSynchronizedBuildFileExceptionSet;
			membershipExceptions = (
				BatteryInfoItem.swift,
				WidgetBatteryData.swift,
			);
			target = 1781C7962D79CD4D0064FB7A /* BatteryInfoWidgetExtension */;
		};
/* End PBXFileSystemSynchronizedBuildFileExceptionSet section */

/* Begin PBXFileSystemSynchronizedRootGroup section */
		171936862D8730DA00ECB17D /* BatteryInfoLockScreenWidget */ = {isa = PBXFileSystemSynchronizedRootGroup; exceptions = (171936912D8730DB00ECB17D /* PBXFileSystemSynchronizedBuildFileExceptionSet */, ); explicitFileTypes = {}; explicitFolders = (); path = BatteryInfoLockScreenWidget; sourceTree = "<group>"; };
		1781C79C2D79CD4D0064FB7A /* BatteryInfoWidget */ = {isa = PBXFileSystemSynchronizedRootGroup; exceptions = (1781C7B02D79CD4E0064FB7A /* PBXFileSystemSynchronizedBuildFileExceptionSet */, ); explicitFileTypes = {}; explicitFolders = (); path = BatteryInfoWidget; sourceTree = "<group>"; };
		17BC10FD2D51F6E4009924BF /* Utils */ = {isa = PBXFileSystemSynchronizedRootGroup; exceptions = (1781C7BE2D79D9D70064FB7A /* PBXFileSystemSynchronizedBuildFileExceptionSet */, ); explicitFileTypes = {}; explicitFolders = (); path = Utils; sourceTree = "<group>"; };
		17DA4E2A2DAB91D80024FE8C /* Protocol */ = {isa = PBXFileSystemSynchronizedRootGroup; explicitFileTypes = {}; explicitFolders = (); path = Protocol; sourceTree = "<group>"; };
		17DA4E2B2DAB91EC0024FE8C /* Provider */ = {isa = PBXFileSystemSynchronizedRootGroup; explicitFileTypes = {}; explicitFolders = (); path = Provider; sourceTree = "<group>"; };
		17F66BE92D2A24BC0097A29A /* ViewController */ = {isa = PBXFileSystemSynchronizedRootGroup; explicitFileTypes = {}; explicitFolders = (); path = ViewController; sourceTree = "<group>"; };
		17F66BEB2D2A25840097A29A /* Entity */ = {isa = PBXFileSystemSynchronizedRootGroup; exceptions = (1781C7C02D79D9F10064FB7A /* PBXFileSystemSynchronizedBuildFileExceptionSet */, ); explicitFileTypes = {}; explicitFolders = (); path = Entity; sourceTree = "<group>"; };
/* End PBXFileSystemSynchronizedRootGroup section */

/* Begin PBXFrameworksBuildPhase section */
		171936802D8730DA00ECB17D /* Frameworks */ = {
			isa = PBXFrameworksBuildPhase;
			buildActionMask = 2147483647;
			files = (
				171936852D8730DA00ECB17D /* SwiftUI.framework in Frameworks */,
				171936842D8730DA00ECB17D /* WidgetKit.framework in Frameworks */,
			);
			runOnlyForDeploymentPostprocessing = 0;
		};
		1781C7942D79CD4D0064FB7A /* Frameworks */ = {
			isa = PBXFrameworksBuildPhase;
			buildActionMask = 2147483647;
			files = (
				1781C79B2D79CD4D0064FB7A /* SwiftUI.framework in Frameworks */,
				1781C7992D79CD4D0064FB7A /* WidgetKit.framework in Frameworks */,
			);
			runOnlyForDeploymentPostprocessing = 0;
		};
		17D996CC2D1D50A60056394C /* Frameworks */ = {
			isa = PBXFrameworksBuildPhase;
			buildActionMask = 2147483647;
			files = (
				179E789D2D1D5E55009C29C9 /* IOKit.framework in Frameworks */,
				17F66BE62D2A1C7A0097A29A /* BatteryHelper.a in Frameworks */,
				179E789B2D1D5E4F009C29C9 /* CoreGraphics.framework in Frameworks */,
				179E78992D1D5E49009C29C9 /* UIKit.framework in Frameworks */,
			);
			runOnlyForDeploymentPostprocessing = 0;
		};
/* End PBXFrameworksBuildPhase section */

/* Begin PBXGroup section */
		179E78972D1D5E49009C29C9 /* Frameworks */ = {
			isa = PBXGroup;
			children = (
				173AC2172D7C1368002EE482 /* ExtensionKit.framework */,
				1781C82A2D7C02A50064FB7A /* ExtensionFoundation.framework */,
				179E789C2D1D5E55009C29C9 /* IOKit.framework */,
				179E789A2D1D5E4F009C29C9 /* CoreGraphics.framework */,
				179E78982D1D5E49009C29C9 /* UIKit.framework */,
				1781C7982D79CD4D0064FB7A /* WidgetKit.framework */,
				1781C79A2D79CD4D0064FB7A /* SwiftUI.framework */,
			);
			name = Frameworks;
			sourceTree = "<group>";
		};
		17D996C62D1D50A50056394C = {
			isa = PBXGroup;
			children = (
				17D996D12D1D50A60056394C /* BatteryInfo */,
				1781C79C2D79CD4D0064FB7A /* BatteryInfoWidget */,
				171936862D8730DA00ECB17D /* BatteryInfoLockScreenWidget */,
				17D996D02D1D50A60056394C /* Products */,
				179E78972D1D5E49009C29C9 /* Frameworks */,
			);
			sourceTree = "<group>";
		};
		17D996D02D1D50A60056394C /* Products */ = {
			isa = PBXGroup;
			children = (
				17D996CF2D1D50A60056394C /* BatteryInfo.app */,
				1781C7972D79CD4D0064FB7A /* BatteryInfoWidgetExtension.appex */,
				171936832D8730DA00ECB17D /* BatteryInfoLockScreenWidgetExtension.appex */,
			);
			name = Products;
			sourceTree = "<group>";
		};
		17D996D12D1D50A60056394C /* BatteryInfo */ = {
			isa = PBXGroup;
			children = (
				175BAB6C2D7C724300FB4733 /* BatteryInfo.entitlements */,
				17DA4E2B2DAB91EC0024FE8C /* Provider */,
				17DA4E2A2DAB91D80024FE8C /* Protocol */,
				17BC10FD2D51F6E4009924BF /* Utils */,
				1731F9B92D50D02600AA1FD5 /* DeviceController.h */,
				1731F9BA2D50D02600AA1FD5 /* DeviceController.m */,
				17B0EDBF2D49C07B00F77781 /* Localizable.xcstrings */,
				17B0EDC12D49C0A600F77781 /* InfoPlist.xcstrings */,
				17BC113B2D521A79009924BF /* BatteryManufacturer.xcstrings */,
				17F66BEC2D2A52460097A29A /* Controller */,
				17F66BEB2D2A25840097A29A /* Entity */,
				17F66BE92D2A24BC0097A29A /* ViewController */,
				17F66BE52D2A1C7A0097A29A /* BatteryHelper.a */,
				17D996D22D1D50A60056394C /* AppDelegate.swift */,
				17D996DB2D1D50A60056394C /* Assets.xcassets */,
				17D996DD2D1D50A60056394C /* LaunchScreen.storyboard */,
				17D996E02D1D50A60056394C /* Info.plist */,
				179E78912D1D52A0009C29C9 /* BatteryHelper.h */,
				179E78902D1D52A0009C29C9 /* BatteryInfo-Bridging-Header.h */,
				1781C7E72D7A2E900064FB7A /* WidgetSettingsIntent.intentdefinition */,
			);
			path = BatteryInfo;
			sourceTree = "<group>";
		};
		17F66BEC2D2A52460097A29A /* Controller */ = {
			isa = PBXGroup;
			children = (
				17F66BED2D2A52580097A29A /* BatteryDataController.swift */,
				17BC11CD2D5506F9009924BF /* BatteryRecordDatabaseManager.swift */,
				17A0DB242DCBD3B6006DEDA6 /* SettingsBatteryDataController.swift */,
				17E83C782DD093B00093DAE7 /* ApplicationLanguageController.swift */,
				1781C7CA2D79FF5E0064FB7A /* WidgetController.swift */,
			);
			path = Controller;
			sourceTree = "<group>";
		};
/* End PBXGroup section */

/* Begin PBXNativeTarget section */
		171936822D8730DA00ECB17D /* BatteryInfoLockScreenWidgetExtension */ = {
			isa = PBXNativeTarget;
			buildConfigurationList = 171936922D8730DB00ECB17D /* Build configuration list for PBXNativeTarget "BatteryInfoLockScreenWidgetExtension" */;
			buildPhases = (
				1719367F2D8730DA00ECB17D /* Sources */,
				171936802D8730DA00ECB17D /* Frameworks */,
				171936812D8730DA00ECB17D /* Resources */,
			);
			buildRules = (
			);
			dependencies = (
			);
			fileSystemSynchronizedGroups = (
				171936862D8730DA00ECB17D /* BatteryInfoLockScreenWidget */,
			);
			name = BatteryInfoLockScreenWidgetExtension;
			packageProductDependencies = (
			);
			productName = BatteryInfoLockScreenWidgetExtension;
			productReference = 171936832D8730DA00ECB17D /* BatteryInfoLockScreenWidgetExtension.appex */;
			productType = "com.apple.product-type.app-extension";
		};
		1781C7962D79CD4D0064FB7A /* BatteryInfoWidgetExtension */ = {
			isa = PBXNativeTarget;
			buildConfigurationList = 1781C7B12D79CD4E0064FB7A /* Build configuration list for PBXNativeTarget "BatteryInfoWidgetExtension" */;
			buildPhases = (
				1781C7932D79CD4D0064FB7A /* Sources */,
				1781C7942D79CD4D0064FB7A /* Frameworks */,
				1781C7952D79CD4D0064FB7A /* Resources */,
			);
			buildRules = (
			);
			dependencies = (
			);
			fileSystemSynchronizedGroups = (
				1781C79C2D79CD4D0064FB7A /* BatteryInfoWidget */,
			);
			name = BatteryInfoWidgetExtension;
			packageProductDependencies = (
			);
			productName = BatteryInfoWidgetExtension;
			productReference = 1781C7972D79CD4D0064FB7A /* BatteryInfoWidgetExtension.appex */;
			productType = "com.apple.product-type.app-extension";
		};
		17D996CE2D1D50A60056394C /* BatteryInfo */ = {
			isa = PBXNativeTarget;
			buildConfigurationList = 17D996E32D1D50A60056394C /* Build configuration list for PBXNativeTarget "BatteryInfo" */;
			buildPhases = (
				17D996CB2D1D50A60056394C /* Sources */,
				17D996CC2D1D50A60056394C /* Frameworks */,
				17D996CD2D1D50A60056394C /* Resources */,
				1781C7AD2D79CD4E0064FB7A /* Embed Foundation Extensions */,
			);
			buildRules = (
			);
			dependencies = (
				1781C7AB2D79CD4E0064FB7A /* PBXTargetDependency */,
				1719368F2D8730DB00ECB17D /* PBXTargetDependency */,
			);
			fileSystemSynchronizedGroups = (
				17BC10FD2D51F6E4009924BF /* Utils */,
				17DA4E2A2DAB91D80024FE8C /* Protocol */,
				17DA4E2B2DAB91EC0024FE8C /* Provider */,
				17F66BE92D2A24BC0097A29A /* ViewController */,
				17F66BEB2D2A25840097A29A /* Entity */,
			);
			name = BatteryInfo;
			productName = BatteryInfo;
			productReference = 17D996CF2D1D50A60056394C /* BatteryInfo.app */;
			productType = "com.apple.product-type.application";
		};
/* End PBXNativeTarget section */

/* Begin PBXProject section */
		17D996C72D1D50A50056394C /* Project object */ = {
			isa = PBXProject;
			attributes = {
				BuildIndependentTargetsInParallel = 1;
				LastSwiftUpdateCheck = 1520;
				LastUpgradeCheck = 1620;
				TargetAttributes = {
					171936822D8730DA00ECB17D = {
						CreatedOnToolsVersion = 16.2;
					};
					1781C7962D79CD4D0064FB7A = {
						CreatedOnToolsVersion = 15.2;
						LastSwiftMigration = 1520;
					};
					17D996CE2D1D50A60056394C = {
						CreatedOnToolsVersion = 15.2;
						LastSwiftMigration = 1520;
					};
				};
			};
			buildConfigurationList = 17D996CA2D1D50A50056394C /* Build configuration list for PBXProject "BatteryInfo" */;
			compatibilityVersion = "Xcode 14.0";
			developmentRegion = en;
			hasScannedForEncodings = 0;
			knownRegions = (
				en,
				Base,
				"zh-Hans",
			);
			mainGroup = 17D996C62D1D50A50056394C;
			productRefGroup = 17D996D02D1D50A60056394C /* Products */;
			projectDirPath = "";
			projectRoot = "";
			targets = (
				17D996CE2D1D50A60056394C /* BatteryInfo */,
				1781C7962D79CD4D0064FB7A /* BatteryInfoWidgetExtension */,
				171936822D8730DA00ECB17D /* BatteryInfoLockScreenWidgetExtension */,
			);
		};
/* End PBXProject section */

/* Begin PBXResourcesBuildPhase section */
		171936812D8730DA00ECB17D /* Resources */ = {
			isa = PBXResourcesBuildPhase;
			buildActionMask = 2147483647;
			files = (
				171D16682D8735E50025AE19 /* Localizable.xcstrings in Resources */,
			);
			runOnlyForDeploymentPostprocessing = 0;
		};
		1781C7952D79CD4D0064FB7A /* Resources */ = {
			isa = PBXResourcesBuildPhase;
			buildActionMask = 2147483647;
			files = (
				1781C7B62D79D1540064FB7A /* Localizable.xcstrings in Resources */,
			);
			runOnlyForDeploymentPostprocessing = 0;
		};
		17D996CD2D1D50A60056394C /* Resources */ = {
			isa = PBXResourcesBuildPhase;
			buildActionMask = 2147483647;
			files = (
				17D996DF2D1D50A60056394C /* LaunchScreen.storyboard in Resources */,
				17B0EDC02D49C07B00F77781 /* Localizable.xcstrings in Resources */,
				17BC113C2D521A79009924BF /* BatteryManufacturer.xcstrings in Resources */,
				17B0EDC22D49C0A600F77781 /* InfoPlist.xcstrings in Resources */,
				17D996DC2D1D50A60056394C /* Assets.xcassets in Resources */,
			);
			runOnlyForDeploymentPostprocessing = 0;
		};
/* End PBXResourcesBuildPhase section */

/* Begin PBXSourcesBuildPhase section */
		1719367F2D8730DA00ECB17D /* Sources */ = {
			isa = PBXSourcesBuildPhase;
			buildActionMask = 2147483647;
			files = (
			);
			runOnlyForDeploymentPostprocessing = 0;
		};
		1781C7932D79CD4D0064FB7A /* Sources */ = {
			isa = PBXSourcesBuildPhase;
			buildActionMask = 2147483647;
			files = (
				1781C7E92D7A2E900064FB7A /* WidgetSettingsIntent.intentdefinition in Sources */,
				1781C81E2D7B81AA0064FB7A /* WidgetController.swift in Sources */,
			);
			runOnlyForDeploymentPostprocessing = 0;
		};
		17D996CB2D1D50A60056394C /* Sources */ = {
			isa = PBXSourcesBuildPhase;
			buildActionMask = 2147483647;
			files = (
				17D996D32D1D50A60056394C /* AppDelegate.swift in Sources */,
				17A0DB252DCBD3B6006DEDA6 /* SettingsBatteryDataController.swift in Sources */,
				17F66BEE2D2A52580097A29A /* BatteryDataController.swift in Sources */,
				17E83C792DD093B00093DAE7 /* ApplicationLanguageController.swift in Sources */,
				1731F9BB2D50D02600AA1FD5 /* DeviceController.m in Sources */,
				17BC11CE2D5506F9009924BF /* BatteryRecordDatabaseManager.swift in Sources */,
				1781C7E82D7A2E900064FB7A /* WidgetSettingsIntent.intentdefinition in Sources */,
				1781C7CB2D79FF5E0064FB7A /* WidgetController.swift in Sources */,
			);
			runOnlyForDeploymentPostprocessing = 0;
		};
/* End PBXSourcesBuildPhase section */

/* Begin PBXTargetDependency section */
		1719368F2D8730DB00ECB17D /* PBXTargetDependency */ = {
			isa = PBXTargetDependency;
			target = 171936822D8730DA00ECB17D /* BatteryInfoLockScreenWidgetExtension */;
			targetProxy = 1719368E2D8730DB00ECB17D /* PBXContainerItemProxy */;
		};
		1781C7AB2D79CD4E0064FB7A /* PBXTargetDependency */ = {
			isa = PBXTargetDependency;
			target = 1781C7962D79CD4D0064FB7A /* BatteryInfoWidgetExtension */;
			targetProxy = 1781C7AA2D79CD4E0064FB7A /* PBXContainerItemProxy */;
		};
/* End PBXTargetDependency section */

/* Begin PBXVariantGroup section */
		1781C7E72D7A2E900064FB7A /* WidgetSettingsIntent.intentdefinition */ = {
			isa = PBXVariantGroup;
			children = (
				1781C7E62D7A2E900064FB7A /* en */,
				171D3B9B2D8979C900AA624E /* zh-Hans */,
			);
			name = WidgetSettingsIntent.intentdefinition;
			sourceTree = "<group>";
		};
		17D996DD2D1D50A60056394C /* LaunchScreen.storyboard */ = {
			isa = PBXVariantGroup;
			children = (
				17D996DE2D1D50A60056394C /* Base */,
			);
			name = LaunchScreen.storyboard;
			sourceTree = "<group>";
		};
/* End PBXVariantGroup section */

/* Begin XCBuildConfiguration section */
		171936932D8730DB00ECB17D /* Debug */ = {
			isa = XCBuildConfiguration;
			buildSettings = {
				ASSETCATALOG_COMPILER_GLOBAL_ACCENT_COLOR_NAME = AccentColor;
				ASSETCATALOG_COMPILER_WIDGET_BACKGROUND_COLOR_NAME = WidgetBackground;
				CODE_SIGN_IDENTITY = "Apple Development";
				CODE_SIGN_STYLE = Automatic;
				CURRENT_PROJECT_VERSION = 1;
				DEVELOPMENT_TEAM = "";
				GENERATE_INFOPLIST_FILE = YES;
				INFOPLIST_FILE = BatteryInfoLockScreenWidget/Info.plist;
				INFOPLIST_KEY_CFBundleDisplayName = BatteryInfoLockScreenWidget;
				INFOPLIST_KEY_NSHumanReadableCopyright = "";
				IPHONEOS_DEPLOYMENT_TARGET = 16.0;
				LD_RUNPATH_SEARCH_PATHS = (
					"$(inherited)",
					"@executable_path/Frameworks",
					"@executable_path/../../Frameworks",
				);
				MARKETING_VERSION = 1.0;
				PRODUCT_BUNDLE_IDENTIFIER = com.developlab.BatteryInfo.BatteryInfoLockScreenWidget;
				PRODUCT_NAME = "$(TARGET_NAME)";
				SKIP_INSTALL = YES;
				SWIFT_EMIT_LOC_STRINGS = YES;
				SWIFT_VERSION = 5.0;
				TARGETED_DEVICE_FAMILY = "1,2";
			};
			name = Debug;
		};
		171936942D8730DB00ECB17D /* Release */ = {
			isa = XCBuildConfiguration;
			buildSettings = {
				ASSETCATALOG_COMPILER_GLOBAL_ACCENT_COLOR_NAME = AccentColor;
				ASSETCATALOG_COMPILER_WIDGET_BACKGROUND_COLOR_NAME = WidgetBackground;
				CODE_SIGN_IDENTITY = "Apple Development";
				CODE_SIGN_STYLE = Automatic;
				CURRENT_PROJECT_VERSION = 1;
				DEVELOPMENT_TEAM = "";
				GENERATE_INFOPLIST_FILE = YES;
				INFOPLIST_FILE = BatteryInfoLockScreenWidget/Info.plist;
				INFOPLIST_KEY_CFBundleDisplayName = BatteryInfoLockScreenWidget;
				INFOPLIST_KEY_NSHumanReadableCopyright = "";
				IPHONEOS_DEPLOYMENT_TARGET = 16.0;
				LD_RUNPATH_SEARCH_PATHS = (
					"$(inherited)",
					"@executable_path/Frameworks",
					"@executable_path/../../Frameworks",
				);
				MARKETING_VERSION = 1.0;
				PRODUCT_BUNDLE_IDENTIFIER = com.developlab.BatteryInfo.BatteryInfoLockScreenWidget;
				PRODUCT_NAME = "$(TARGET_NAME)";
				SKIP_INSTALL = YES;
				SWIFT_EMIT_LOC_STRINGS = YES;
				SWIFT_VERSION = 5.0;
				TARGETED_DEVICE_FAMILY = "1,2";
			};
			name = Release;
		};
		1781C7AE2D79CD4E0064FB7A /* Debug */ = {
			isa = XCBuildConfiguration;
			buildSettings = {
				ASSETCATALOG_COMPILER_GLOBAL_ACCENT_COLOR_NAME = AccentColor;
				ASSETCATALOG_COMPILER_WIDGET_BACKGROUND_COLOR_NAME = WidgetBackground;
				CLANG_ENABLE_MODULES = YES;
				CODE_SIGN_IDENTITY = "Apple Development";
				CODE_SIGN_STYLE = Automatic;
				CURRENT_PROJECT_VERSION = 1;
				DEVELOPMENT_TEAM = "";
				GENERATE_INFOPLIST_FILE = YES;
				INFOPLIST_FILE = BatteryInfoWidget/Info.plist;
				INFOPLIST_KEY_CFBundleDisplayName = BatteryInfoWidget;
				INFOPLIST_KEY_NSHumanReadableCopyright = "";
				IPHONEOS_DEPLOYMENT_TARGET = 14.0;
				LD_RUNPATH_SEARCH_PATHS = (
					"$(inherited)",
					"@executable_path/Frameworks",
					"@executable_path/../../Frameworks",
				);
				LIBRARY_SEARCH_PATHS = (
					"$(inherited)",
					"$(PROJECT_DIR)/BatteryInfo",
				);
				MARKETING_VERSION = 1.0;
				PRODUCT_BUNDLE_IDENTIFIER = com.developlab.BatteryInfo.BatteryInfoWidget;
				PRODUCT_NAME = "$(TARGET_NAME)";
				SKIP_INSTALL = YES;
				SUPPORTED_PLATFORMS = "iphoneos iphonesimulator";
				SUPPORTS_MACCATALYST = NO;
				SUPPORTS_XR_DESIGNED_FOR_IPHONE_IPAD = NO;
				SWIFT_EMIT_LOC_STRINGS = YES;
				SWIFT_OBJC_BRIDGING_HEADER = "";
				SWIFT_OPTIMIZATION_LEVEL = "-Onone";
				SWIFT_VERSION = 5.0;
				TARGETED_DEVICE_FAMILY = "1,2";
			};
			name = Debug;
		};
		1781C7AF2D79CD4E0064FB7A /* Release */ = {
			isa = XCBuildConfiguration;
			buildSettings = {
				ASSETCATALOG_COMPILER_GLOBAL_ACCENT_COLOR_NAME = AccentColor;
				ASSETCATALOG_COMPILER_WIDGET_BACKGROUND_COLOR_NAME = WidgetBackground;
				CLANG_ENABLE_MODULES = YES;
				CODE_SIGN_IDENTITY = "Apple Development";
				CODE_SIGN_STYLE = Automatic;
				CURRENT_PROJECT_VERSION = 1;
				DEVELOPMENT_TEAM = "";
				GENERATE_INFOPLIST_FILE = YES;
				INFOPLIST_FILE = BatteryInfoWidget/Info.plist;
				INFOPLIST_KEY_CFBundleDisplayName = BatteryInfoWidget;
				INFOPLIST_KEY_NSHumanReadableCopyright = "";
				IPHONEOS_DEPLOYMENT_TARGET = 14.0;
				LD_RUNPATH_SEARCH_PATHS = (
					"$(inherited)",
					"@executable_path/Frameworks",
					"@executable_path/../../Frameworks",
				);
				LIBRARY_SEARCH_PATHS = (
					"$(inherited)",
					"$(PROJECT_DIR)/BatteryInfo",
				);
				MARKETING_VERSION = 1.0;
				PRODUCT_BUNDLE_IDENTIFIER = com.developlab.BatteryInfo.BatteryInfoWidget;
				PRODUCT_NAME = "$(TARGET_NAME)";
				SKIP_INSTALL = YES;
				SUPPORTED_PLATFORMS = "iphoneos iphonesimulator";
				SUPPORTS_MACCATALYST = NO;
				SUPPORTS_XR_DESIGNED_FOR_IPHONE_IPAD = NO;
				SWIFT_EMIT_LOC_STRINGS = YES;
				SWIFT_OBJC_BRIDGING_HEADER = "";
				SWIFT_VERSION = 5.0;
				TARGETED_DEVICE_FAMILY = "1,2";
			};
			name = Release;
		};
		17D996E12D1D50A60056394C /* Debug */ = {
			isa = XCBuildConfiguration;
			buildSettings = {
				ALWAYS_SEARCH_USER_PATHS = NO;
				ASSETCATALOG_COMPILER_GENERATE_SWIFT_ASSET_SYMBOL_EXTENSIONS = YES;
				CLANG_ANALYZER_LOCALIZABILITY_NONLOCALIZED = YES;
				CLANG_ANALYZER_NONNULL = YES;
				CLANG_ANALYZER_NUMBER_OBJECT_CONVERSION = YES_AGGRESSIVE;
				CLANG_CXX_LANGUAGE_STANDARD = "gnu++20";
				CLANG_ENABLE_MODULES = YES;
				CLANG_ENABLE_OBJC_ARC = YES;
				CLANG_ENABLE_OBJC_WEAK = YES;
				CLANG_WARN_BLOCK_CAPTURE_AUTORELEASING = YES;
				CLANG_WARN_BOOL_CONVERSION = YES;
				CLANG_WARN_COMMA = YES;
				CLANG_WARN_CONSTANT_CONVERSION = YES;
				CLANG_WARN_DEPRECATED_OBJC_IMPLEMENTATIONS = YES;
				CLANG_WARN_DIRECT_OBJC_ISA_USAGE = YES_ERROR;
				CLANG_WARN_DOCUMENTATION_COMMENTS = YES;
				CLANG_WARN_EMPTY_BODY = YES;
				CLANG_WARN_ENUM_CONVERSION = YES;
				CLANG_WARN_INFINITE_RECURSION = YES;
				CLANG_WARN_INT_CONVERSION = YES;
				CLANG_WARN_NON_LITERAL_NULL_CONVERSION = YES;
				CLANG_WARN_OBJC_IMPLICIT_RETAIN_SELF = YES;
				CLANG_WARN_OBJC_LITERAL_CONVERSION = YES;
				CLANG_WARN_OBJC_ROOT_CLASS = YES_ERROR;
				CLANG_WARN_QUOTED_INCLUDE_IN_FRAMEWORK_HEADER = YES;
				CLANG_WARN_RANGE_LOOP_ANALYSIS = YES;
				CLANG_WARN_STRICT_PROTOTYPES = YES;
				CLANG_WARN_SUSPICIOUS_MOVE = YES;
				CLANG_WARN_UNGUARDED_AVAILABILITY = YES_AGGRESSIVE;
				CLANG_WARN_UNREACHABLE_CODE = YES;
				CLANG_WARN__DUPLICATE_METHOD_MATCH = YES;
				COPY_PHASE_STRIP = NO;
				DEBUG_INFORMATION_FORMAT = dwarf;
				ENABLE_STRICT_OBJC_MSGSEND = YES;
				ENABLE_TESTABILITY = YES;
				ENABLE_USER_SCRIPT_SANDBOXING = YES;
				GCC_C_LANGUAGE_STANDARD = gnu17;
				GCC_DYNAMIC_NO_PIC = NO;
				GCC_NO_COMMON_BLOCKS = YES;
				GCC_OPTIMIZATION_LEVEL = 0;
				GCC_PREPROCESSOR_DEFINITIONS = (
					"DEBUG=1",
					"$(inherited)",
				);
				GCC_WARN_64_TO_32_BIT_CONVERSION = YES;
				GCC_WARN_ABOUT_RETURN_TYPE = YES_ERROR;
				GCC_WARN_UNDECLARED_SELECTOR = YES;
				GCC_WARN_UNINITIALIZED_AUTOS = YES_AGGRESSIVE;
				GCC_WARN_UNUSED_FUNCTION = YES;
				GCC_WARN_UNUSED_VARIABLE = YES;
				HEADER_SEARCH_PATHS = (
					"$(SDKROOT)/usr/include",
					"$(SDKROOT)/System/Library/Frameworks",
				);
				IPHONEOS_DEPLOYMENT_TARGET = 17.2;
				LOCALIZATION_PREFERS_STRING_CATALOGS = YES;
				MTL_ENABLE_DEBUG_INFO = INCLUDE_SOURCE;
				MTL_FAST_MATH = YES;
				ONLY_ACTIVE_ARCH = YES;
				SDKROOT = iphoneos;
				SWIFT_ACTIVE_COMPILATION_CONDITIONS = "DEBUG $(inherited)";
				SWIFT_EMIT_LOC_STRINGS = YES;
				SWIFT_OPTIMIZATION_LEVEL = "-Onone";
				SYSTEM_HEADER_SEARCH_PATHS = (
					"$(SDKROOT)/usr/include",
					"$(SDKROOT)/System/Library/Frameworks",
				);
			};
			name = Debug;
		};
		17D996E22D1D50A60056394C /* Release */ = {
			isa = XCBuildConfiguration;
			buildSettings = {
				ALWAYS_SEARCH_USER_PATHS = NO;
				ASSETCATALOG_COMPILER_GENERATE_SWIFT_ASSET_SYMBOL_EXTENSIONS = YES;
				CLANG_ANALYZER_LOCALIZABILITY_NONLOCALIZED = YES;
				CLANG_ANALYZER_NONNULL = YES;
				CLANG_ANALYZER_NUMBER_OBJECT_CONVERSION = YES_AGGRESSIVE;
				CLANG_CXX_LANGUAGE_STANDARD = "gnu++20";
				CLANG_ENABLE_MODULES = YES;
				CLANG_ENABLE_OBJC_ARC = YES;
				CLANG_ENABLE_OBJC_WEAK = YES;
				CLANG_WARN_BLOCK_CAPTURE_AUTORELEASING = YES;
				CLANG_WARN_BOOL_CONVERSION = YES;
				CLANG_WARN_COMMA = YES;
				CLANG_WARN_CONSTANT_CONVERSION = YES;
				CLANG_WARN_DEPRECATED_OBJC_IMPLEMENTATIONS = YES;
				CLANG_WARN_DIRECT_OBJC_ISA_USAGE = YES_ERROR;
				CLANG_WARN_DOCUMENTATION_COMMENTS = YES;
				CLANG_WARN_EMPTY_BODY = YES;
				CLANG_WARN_ENUM_CONVERSION = YES;
				CLANG_WARN_INFINITE_RECURSION = YES;
				CLANG_WARN_INT_CONVERSION = YES;
				CLANG_WARN_NON_LITERAL_NULL_CONVERSION = YES;
				CLANG_WARN_OBJC_IMPLICIT_RETAIN_SELF = YES;
				CLANG_WARN_OBJC_LITERAL_CONVERSION = YES;
				CLANG_WARN_OBJC_ROOT_CLASS = YES_ERROR;
				CLANG_WARN_QUOTED_INCLUDE_IN_FRAMEWORK_HEADER = YES;
				CLANG_WARN_RANGE_LOOP_ANALYSIS = YES;
				CLANG_WARN_STRICT_PROTOTYPES = YES;
				CLANG_WARN_SUSPICIOUS_MOVE = YES;
				CLANG_WARN_UNGUARDED_AVAILABILITY = YES_AGGRESSIVE;
				CLANG_WARN_UNREACHABLE_CODE = YES;
				CLANG_WARN__DUPLICATE_METHOD_MATCH = YES;
				COPY_PHASE_STRIP = NO;
				DEBUG_INFORMATION_FORMAT = "dwarf-with-dsym";
				ENABLE_NS_ASSERTIONS = NO;
				ENABLE_STRICT_OBJC_MSGSEND = YES;
				ENABLE_USER_SCRIPT_SANDBOXING = YES;
				GCC_C_LANGUAGE_STANDARD = gnu17;
				GCC_NO_COMMON_BLOCKS = YES;
				GCC_PREPROCESSOR_DEFINITIONS = "";
				GCC_WARN_64_TO_32_BIT_CONVERSION = YES;
				GCC_WARN_ABOUT_RETURN_TYPE = YES_ERROR;
				GCC_WARN_UNDECLARED_SELECTOR = YES;
				GCC_WARN_UNINITIALIZED_AUTOS = YES_AGGRESSIVE;
				GCC_WARN_UNUSED_FUNCTION = YES;
				GCC_WARN_UNUSED_VARIABLE = YES;
				HEADER_SEARCH_PATHS = (
					"$(SDKROOT)/usr/include",
					"$(SDKROOT)/System/Library/Frameworks",
				);
				IPHONEOS_DEPLOYMENT_TARGET = 17.2;
				LOCALIZATION_PREFERS_STRING_CATALOGS = YES;
				MTL_ENABLE_DEBUG_INFO = NO;
				MTL_FAST_MATH = YES;
				SDKROOT = iphoneos;
				SWIFT_COMPILATION_MODE = wholemodule;
				SWIFT_EMIT_LOC_STRINGS = YES;
				SWIFT_OPTIMIZATION_LEVEL = "-O";
				SYSTEM_HEADER_SEARCH_PATHS = (
					"$(SDKROOT)/usr/include",
					"$(SDKROOT)/System/Library/Frameworks",
				);
				VALIDATE_PRODUCT = YES;
			};
			name = Release;
		};
		17D996E42D1D50A60056394C /* Debug */ = {
			isa = XCBuildConfiguration;
			buildSettings = {
				ALWAYS_EMBED_SWIFT_STANDARD_LIBRARIES = YES;
				ASSETCATALOG_COMPILER_APPICON_NAME = AppIcon;
				ASSETCATALOG_COMPILER_GLOBAL_ACCENT_COLOR_NAME = AccentColor;
				CLANG_ENABLE_MODULES = YES;
				CODE_SIGN_ENTITLEMENTS = BatteryInfo/BatteryInfo.entitlements;
				CODE_SIGN_IDENTITY = "Apple Development";
				CODE_SIGN_STYLE = Automatic;
				CURRENT_PROJECT_VERSION = 15;
				DEVELOPMENT_TEAM = "";
				FRAMEWORK_SEARCH_PATHS = (
					/System/Library/Frameworks,
					/System/Library/PrivateFrameworks,
					"$(SDKROOT)/System/Library/Frameworks",
				);
				GENERATE_INFOPLIST_FILE = YES;
				HEADER_SEARCH_PATHS = (
					"$(SDKROOT)/usr/include",
					"$(SDKROOT)/System/Library/Frameworks",
				);
				INFOPLIST_FILE = BatteryInfo/Info.plist;
				INFOPLIST_KEY_CFBundleDisplayName = "Battery Info";
				INFOPLIST_KEY_LSApplicationCategoryType = "public.app-category.utilities";
				INFOPLIST_KEY_UIApplicationSupportsIndirectInputEvents = YES;
				INFOPLIST_KEY_UILaunchStoryboardName = LaunchScreen;
				INFOPLIST_KEY_UISupportedInterfaceOrientations = "";
				INFOPLIST_KEY_UISupportedInterfaceOrientations_iPad = "UIInterfaceOrientationPortrait UIInterfaceOrientationPortraitUpsideDown UIInterfaceOrientationLandscapeLeft UIInterfaceOrientationLandscapeRight";
				INFOPLIST_KEY_UISupportedInterfaceOrientations_iPhone = "UIInterfaceOrientationPortrait UIInterfaceOrientationLandscapeLeft UIInterfaceOrientationLandscapeRight";
				IPHONEOS_DEPLOYMENT_TARGET = 12.2;
				LD_RUNPATH_SEARCH_PATHS = (
					"$(inherited)",
					"@executable_path/Frameworks",
				);
				LIBRARY_SEARCH_PATHS = (
					"$(inherited)",
					"$(PROJECT_DIR)/BatteryInfo",
				);
				MARKETING_VERSION = 1.2.0;
				OTHER_CFLAGS = "-Wno-error=unguarded-availability-new";
				OTHER_LDFLAGS = "";
				PRODUCT_BUNDLE_IDENTIFIER = com.developlab.BatteryInfo;
				PRODUCT_NAME = "$(TARGET_NAME)";
				PROVISIONING_PROFILE_SPECIFIER = "";
				SUPPORTED_PLATFORMS = "iphoneos iphonesimulator";
				SUPPORTS_MACCATALYST = NO;
				SUPPORTS_MAC_DESIGNED_FOR_IPHONE_IPAD = YES;
				SUPPORTS_XR_DESIGNED_FOR_IPHONE_IPAD = NO;
				SWIFT_EMIT_LOC_STRINGS = YES;
				SWIFT_OBJC_BRIDGING_HEADER = "BatteryInfo/BatteryInfo-Bridging-Header.h";
				SWIFT_OPTIMIZATION_LEVEL = "-Onone";
				SWIFT_VERSION = 5.0;
				SYSTEM_FRAMEWORK_SEARCH_PATHS = "$(SDKROOT)/System/Library/Frameworks";
				TARGETED_DEVICE_FAMILY = "1,2";
			};
			name = Debug;
		};
		17D996E52D1D50A60056394C /* Release */ = {
			isa = XCBuildConfiguration;
			buildSettings = {
				ALWAYS_EMBED_SWIFT_STANDARD_LIBRARIES = YES;
				ASSETCATALOG_COMPILER_APPICON_NAME = AppIcon;
				ASSETCATALOG_COMPILER_GLOBAL_ACCENT_COLOR_NAME = AccentColor;
				CLANG_ENABLE_MODULES = YES;
				CODE_SIGN_ENTITLEMENTS = BatteryInfo/BatteryInfo.entitlements;
				CODE_SIGN_IDENTITY = "Apple Development";
				CODE_SIGN_STYLE = Automatic;
				CURRENT_PROJECT_VERSION = 15;
				DEVELOPMENT_TEAM = "";
				FRAMEWORK_SEARCH_PATHS = (
					/System/Library/Frameworks,
					/System/Library/PrivateFrameworks,
					"$(SDKROOT)/System/Library/Frameworks",
				);
				GENERATE_INFOPLIST_FILE = YES;
				HEADER_SEARCH_PATHS = (
					"$(SDKROOT)/usr/include",
					"$(SDKROOT)/System/Library/Frameworks",
				);
				INFOPLIST_FILE = BatteryInfo/Info.plist;
				INFOPLIST_KEY_CFBundleDisplayName = "Battery Info";
				INFOPLIST_KEY_LSApplicationCategoryType = "public.app-category.utilities";
				INFOPLIST_KEY_UIApplicationSupportsIndirectInputEvents = YES;
				INFOPLIST_KEY_UILaunchStoryboardName = LaunchScreen;
				INFOPLIST_KEY_UISupportedInterfaceOrientations = "";
				INFOPLIST_KEY_UISupportedInterfaceOrientations_iPad = "UIInterfaceOrientationPortrait UIInterfaceOrientationPortraitUpsideDown UIInterfaceOrientationLandscapeLeft UIInterfaceOrientationLandscapeRight";
				INFOPLIST_KEY_UISupportedInterfaceOrientations_iPhone = "UIInterfaceOrientationPortrait UIInterfaceOrientationLandscapeLeft UIInterfaceOrientationLandscapeRight";
				IPHONEOS_DEPLOYMENT_TARGET = 12.2;
				LD_RUNPATH_SEARCH_PATHS = (
					"$(inherited)",
					"@executable_path/Frameworks",
				);
				LIBRARY_SEARCH_PATHS = (
					"$(inherited)",
					"$(PROJECT_DIR)/BatteryInfo",
				);
				MARKETING_VERSION = 1.2.0;
				OTHER_CFLAGS = "-Wno-error=unguarded-availability-new";
				OTHER_LDFLAGS = "";
				PRODUCT_BUNDLE_IDENTIFIER = com.developlab.BatteryInfo;
				PRODUCT_NAME = "$(TARGET_NAME)";
				PROVISIONING_PROFILE_SPECIFIER = "";
				SUPPORTED_PLATFORMS = "iphoneos iphonesimulator";
				SUPPORTS_MACCATALYST = NO;
				SUPPORTS_MAC_DESIGNED_FOR_IPHONE_IPAD = YES;
				SUPPORTS_XR_DESIGNED_FOR_IPHONE_IPAD = NO;
				SWIFT_EMIT_LOC_STRINGS = YES;
				SWIFT_OBJC_BRIDGING_HEADER = "BatteryInfo/BatteryInfo-Bridging-Header.h";
				SWIFT_VERSION = 5.0;
				SYSTEM_FRAMEWORK_SEARCH_PATHS = "$(SDKROOT)/System/Library/Frameworks";
				TARGETED_DEVICE_FAMILY = "1,2";
			};
			name = Release;
		};
/* End XCBuildConfiguration section */

/* Begin XCConfigurationList section */
		171936922D8730DB00ECB17D /* Build configuration list for PBXNativeTarget "BatteryInfoLockScreenWidgetExtension" */ = {
			isa = XCConfigurationList;
			buildConfigurations = (
				171936932D8730DB00ECB17D /* Debug */,
				171936942D8730DB00ECB17D /* Release */,
			);
			defaultConfigurationIsVisible = 0;
			defaultConfigurationName = Release;
		};
		1781C7B12D79CD4E0064FB7A /* Build configuration list for PBXNativeTarget "BatteryInfoWidgetExtension" */ = {
			isa = XCConfigurationList;
			buildConfigurations = (
				1781C7AE2D79CD4E0064FB7A /* Debug */,
				1781C7AF2D79CD4E0064FB7A /* Release */,
			);
			defaultConfigurationIsVisible = 0;
			defaultConfigurationName = Release;
		};
		17D996CA2D1D50A50056394C /* Build configuration list for PBXProject "BatteryInfo" */ = {
			isa = XCConfigurationList;
			buildConfigurations = (
				17D996E12D1D50A60056394C /* Debug */,
				17D996E22D1D50A60056394C /* Release */,
			);
			defaultConfigurationIsVisible = 0;
			defaultConfigurationName = Release;
		};
		17D996E32D1D50A60056394C /* Build configuration list for PBXNativeTarget "BatteryInfo" */ = {
			isa = XCConfigurationList;
			buildConfigurations = (
				17D996E42D1D50A60056394C /* Debug */,
				17D996E52D1D50A60056394C /* Release */,
			);
			defaultConfigurationIsVisible = 0;
			defaultConfigurationName = Release;
		};
/* End XCConfigurationList section */
	};
	rootObject = 17D996C72D1D50A50056394C /* Project object */;
}
