// !$*UTF8*$!
{
	archiveVersion = 1;
	classes = {
	};
	objectVersion = 77;
	objects = {

/* Begin PBXBuildFile section */
		17028DF32DD7ABE700808E8B /* IOKit.framework in Frameworks */ = {isa = PBXBuildFile; fileRef = 17028DF22DD7ABE700808E8B /* IOKit.framework */; };
		17028DFA2DD7AC9900808E8B /* WidgetKit.framework in Frameworks */ = {isa = PBXBuildFile; fileRef = 17028DF92DD7AC9900808E8B /* WidgetKit.framework */; };
		17028DFC2DD7AC9900808E8B /* SwiftUI.framework in Frameworks */ = {isa = PBXBuildFile; fileRef = 17028DFB2DD7AC9900808E8B /* SwiftUI.framework */; };
		17028E082DD7AC9A00808E8B /* BatteryInfoWidgetExtension.appex in Embed Foundation Extensions */ = {isa = PBXBuildFile; fileRef = 17028DF82DD7AC9900808E8B /* BatteryInfoWidgetExtension.appex */; settings = {ATTRIBUTES = (RemoveHeadersOnCopy, ); }; };
		17C271802DD7B07D0078DF13 /* WidgetKit.framework in Frameworks */ = {isa = PBXBuildFile; fileRef = 17028DF92DD7AC9900808E8B /* WidgetKit.framework */; };
		17C271812DD7B07D0078DF13 /* SwiftUI.framework in Frameworks */ = {isa = PBXBuildFile; fileRef = 17028DFB2DD7AC9900808E8B /* SwiftUI.framework */; };
		17C2718C2DD7B07E0078DF13 /* BatteryInfoLockScreenWidgetExtension.appex in Embed Foundation Extensions */ = {isa = PBXBuildFile; fileRef = 17C2717F2DD7B07D0078DF13 /* BatteryInfoLockScreenWidgetExtension.appex */; settings = {ATTRIBUTES = (RemoveHeadersOnCopy, ); }; };
/* End PBXBuildFile section */

/* Begin PBXContainerItemProxy section */
		17028E052DD7AC9A00808E8B /* PBXContainerItemProxy */ = {
			isa = PBXContainerItemProxy;
			containerPortal = 17028D132DD7AA0600808E8B /* Project object */;
			proxyType = 1;
			remoteGlobalIDString = 17028DF72DD7AC9900808E8B;
			remoteInfo = BatteryInfoWidgetExtension;
		};
		17C2718A2DD7B07E0078DF13 /* PBXContainerItemProxy */ = {
			isa = PBXContainerItemProxy;
			containerPortal = 17028D132DD7AA0600808E8B /* Project object */;
			proxyType = 1;
			remoteGlobalIDString = 17C2717E2DD7B07D0078DF13;
			remoteInfo = BatteryInfoLockScreenWidgetExtension;
		};
/* End PBXContainerItemProxy section */

/* Begin PBXCopyFilesBuildPhase section */
		17028E072DD7AC9A00808E8B /* Embed Foundation Extensions */ = {
			isa = PBXCopyFilesBuildPhase;
			buildActionMask = 2147483647;
			dstPath = "";
			dstSubfolderSpec = 13;
			files = (
				17028E082DD7AC9A00808E8B /* BatteryInfoWidgetExtension.appex in Embed Foundation Extensions */,
				17C2718C2DD7B07E0078DF13 /* BatteryInfoLockScreenWidgetExtension.appex in Embed Foundation Extensions */,
			);
			name = "Embed Foundation Extensions";
			runOnlyForDeploymentPostprocessing = 0;
		};
/* End PBXCopyFilesBuildPhase section */

/* Begin PBXFileReference section */
		17028D1B2DD7AA0600808E8B /* BatteryInfo.app */ = {isa = PBXFileReference; explicitFileType = wrapper.application; includeInIndex = 0; path = BatteryInfo.app; sourceTree = BUILT_PRODUCTS_DIR; };
		17028DF22DD7ABE700808E8B /* IOKit.framework */ = {isa = PBXFileReference; lastKnownFileType = wrapper.framework; name = IOKit.framework; path = System/Library/Frameworks/IOKit.framework; sourceTree = SDKROOT; };
		17028DF82DD7AC9900808E8B /* BatteryInfoWidgetExtension.appex */ = {isa = PBXFileReference; explicitFileType = "wrapper.app-extension"; includeInIndex = 0; path = BatteryInfoWidgetExtension.appex; sourceTree = BUILT_PRODUCTS_DIR; };
		17028DF92DD7AC9900808E8B /* WidgetKit.framework */ = {isa = PBXFileReference; lastKnownFileType = wrapper.framework; name = WidgetKit.framework; path = System/Library/Frameworks/WidgetKit.framework; sourceTree = SDKROOT; };
		17028DFB2DD7AC9900808E8B /* SwiftUI.framework */ = {isa = PBXFileReference; lastKnownFileType = wrapper.framework; name = SwiftUI.framework; path = System/Library/Frameworks/SwiftUI.framework; sourceTree = SDKROOT; };
		17C2717F2DD7B07D0078DF13 /* BatteryInfoLockScreenWidgetExtension.appex */ = {isa = PBXFileReference; explicitFileType = "wrapper.app-extension"; includeInIndex = 0; path = BatteryInfoLockScreenWidgetExtension.appex; sourceTree = BUILT_PRODUCTS_DIR; };
/* End PBXFileReference section */

/* Begin PBXFileSystemSynchronizedBuildFileExceptionSet section */
		17028D2D2DD7AA0700808E8B /* Exceptions for "BatteryInfo" folder in "BatteryInfo" target */ = {
			isa = PBXFileSystemSynchronizedBuildFileExceptionSet;
			membershipExceptions = (
				Info.plist,
			);
			target = 17028D1A2DD7AA0600808E8B /* BatteryInfo */;
		};
		17028E0C2DD7AC9A00808E8B /* Exceptions for "BatteryInfoWidget" folder in "BatteryInfoWidgetExtension" target */ = {
			isa = PBXFileSystemSynchronizedBuildFileExceptionSet;
			membershipExceptions = (
				"/Localized: WidgetSettingsIntent.intentdefinition",
				Info.plist,
			);
			target = 17028DF72DD7AC9900808E8B /* BatteryInfoWidgetExtension */;
		};
		17028E152DD7ACE800808E8B /* Exceptions for "BatteryInfo" folder in "BatteryInfoWidgetExtension" target */ = {
			isa = PBXFileSystemSynchronizedBuildFileExceptionSet;
			membershipExceptions = (
				Controller/WidgetController.swift,
				Entity/BatteryInfoItem.swift,
				Entity/WidgetBatteryData.swift,
				Localizable.xcstrings,
				Utils/PlistManagerUtils.swift,
				Utils/SettingsUtils.swift,
				Utils/WidgetUtils.swift,
			);
			target = 17028DF72DD7AC9900808E8B /* BatteryInfoWidgetExtension */;
		};
		17C271902DD7B07E0078DF13 /* Exceptions for "BatteryInfoLockScreenWidget" folder in "BatteryInfoLockScreenWidgetExtension" target */ = {
			isa = PBXFileSystemSynchronizedBuildFileExceptionSet;
			membershipExceptions = (
				Info.plist,
			);
			target = 17C2717E2DD7B07D0078DF13 /* BatteryInfoLockScreenWidgetExtension */;
		};
/* End PBXFileSystemSynchronizedBuildFileExceptionSet section */

/* Begin PBXFileSystemSynchronizedGroupBuildPhaseMembershipExceptionSet section */
		17C272D32DD7BB4D0078DF13 /* Exceptions for "BatteryInfoWidget" folder in "Compile Sources" phase from "BatteryInfoWidgetExtension" target */ = {
			isa = PBXFileSystemSynchronizedGroupBuildPhaseMembershipExceptionSet;
			buildPhase = 17028DF42DD7AC9900808E8B /* Sources */;
			membershipExceptions = (
				"/Localized: WidgetSettingsIntent.intentdefinition",
			);
		};
/* End PBXFileSystemSynchronizedGroupBuildPhaseMembershipExceptionSet section */

/* Begin PBXFileSystemSynchronizedRootGroup section */
		17028D1D2DD7AA0600808E8B /* BatteryInfo */ = {
			isa = PBXFileSystemSynchronizedRootGroup;
			exceptions = (
				17028D2D2DD7AA0700808E8B /* Exceptions for "BatteryInfo" folder in "BatteryInfo" target */,
				17028E152DD7ACE800808E8B /* Exceptions for "BatteryInfo" folder in "BatteryInfoWidgetExtension" target */,
			);
			path = BatteryInfo;
			sourceTree = "<group>";
		};
		17028DFD2DD7AC9900808E8B /* BatteryInfoWidget */ = {
			isa = PBXFileSystemSynchronizedRootGroup;
			exceptions = (
				17028E0C2DD7AC9A00808E8B /* Exceptions for "BatteryInfoWidget" folder in "BatteryInfoWidgetExtension" target */,
				17C272D32DD7BB4D0078DF13 /* Exceptions for "BatteryInfoWidget" folder in "Compile Sources" phase from "BatteryInfoWidgetExtension" target */,
			);
			path = BatteryInfoWidget;
			sourceTree = "<group>";
		};
		17C271822DD7B07D0078DF13 /* BatteryInfoLockScreenWidget */ = {
			isa = PBXFileSystemSynchronizedRootGroup;
			exceptions = (
				17C271902DD7B07E0078DF13 /* Exceptions for "BatteryInfoLockScreenWidget" folder in "BatteryInfoLockScreenWidgetExtension" target */,
			);
			path = BatteryInfoLockScreenWidget;
			sourceTree = "<group>";
		};
/* End PBXFileSystemSynchronizedRootGroup section */

/* Begin PBXFrameworksBuildPhase section */
		17028D182DD7AA0600808E8B /* Frameworks */ = {
			isa = PBXFrameworksBuildPhase;
			buildActionMask = 2147483647;
			files = (
				17028DF32DD7ABE700808E8B /* IOKit.framework in Frameworks */,
			);
			runOnlyForDeploymentPostprocessing = 0;
		};
		17028DF52DD7AC9900808E8B /* Frameworks */ = {
			isa = PBXFrameworksBuildPhase;
			buildActionMask = 2147483647;
			files = (
				17028DFC2DD7AC9900808E8B /* SwiftUI.framework in Frameworks */,
				17028DFA2DD7AC9900808E8B /* WidgetKit.framework in Frameworks */,
			);
			runOnlyForDeploymentPostprocessing = 0;
		};
		17C2717C2DD7B07D0078DF13 /* Frameworks */ = {
			isa = PBXFrameworksBuildPhase;
			buildActionMask = 2147483647;
			files = (
				17C271812DD7B07D0078DF13 /* SwiftUI.framework in Frameworks */,
				17C271802DD7B07D0078DF13 /* WidgetKit.framework in Frameworks */,
			);
			runOnlyForDeploymentPostprocessing = 0;
		};
/* End PBXFrameworksBuildPhase section */

/* Begin PBXGroup section */
		17028D122DD7AA0600808E8B = {
			isa = PBXGroup;
			children = (
				17028D1D2DD7AA0600808E8B /* BatteryInfo */,
				17028DFD2DD7AC9900808E8B /* BatteryInfoWidget */,
				17C271822DD7B07D0078DF13 /* BatteryInfoLockScreenWidget */,
				17028DF12DD7ABE700808E8B /* Frameworks */,
				17028D1C2DD7AA0600808E8B /* Products */,
			);
			sourceTree = "<group>";
		};
		17028D1C2DD7AA0600808E8B /* Products */ = {
			isa = PBXGroup;
			children = (
				17028D1B2DD7AA0600808E8B /* BatteryInfo.app */,
				17028DF82DD7AC9900808E8B /* BatteryInfoWidgetExtension.appex */,
				17C2717F2DD7B07D0078DF13 /* BatteryInfoLockScreenWidgetExtension.appex */,
			);
			name = Products;
			sourceTree = "<group>";
		};
		17028DF12DD7ABE700808E8B /* Frameworks */ = {
			isa = PBXGroup;
			children = (
				17028DF22DD7ABE700808E8B /* IOKit.framework */,
				17028DF92DD7AC9900808E8B /* WidgetKit.framework */,
				17028DFB2DD7AC9900808E8B /* SwiftUI.framework */,
			);
			name = Frameworks;
			sourceTree = "<group>";
		};
/* End PBXGroup section */

/* Begin PBXNativeTarget section */
		17028D1A2DD7AA0600808E8B /* BatteryInfo */ = {
			isa = PBXNativeTarget;
			buildConfigurationList = 17028D2E2DD7AA0700808E8B /* Build configuration list for PBXNativeTarget "BatteryInfo" */;
			buildPhases = (
				17028D172DD7AA0600808E8B /* Sources */,
				17028D182DD7AA0600808E8B /* Frameworks */,
				17028D192DD7AA0600808E8B /* Resources */,
				17028E072DD7AC9A00808E8B /* Embed Foundation Extensions */,
			);
			buildRules = (
			);
			dependencies = (
				17028E062DD7AC9A00808E8B /* PBXTargetDependency */,
				17C2718B2DD7B07E0078DF13 /* PBXTargetDependency */,
			);
			fileSystemSynchronizedGroups = (
				17028D1D2DD7AA0600808E8B /* BatteryInfo */,
			);
			name = BatteryInfo;
			packageProductDependencies = (
			);
			productName = BatteryInfo;
			productReference = 17028D1B2DD7AA0600808E8B /* BatteryInfo.app */;
			productType = "com.apple.product-type.application";
		};
		17028DF72DD7AC9900808E8B /* BatteryInfoWidgetExtension */ = {
			isa = PBXNativeTarget;
			buildConfigurationList = 17028E092DD7AC9A00808E8B /* Build configuration list for PBXNativeTarget "BatteryInfoWidgetExtension" */;
			buildPhases = (
				17028DF42DD7AC9900808E8B /* Sources */,
				17028DF52DD7AC9900808E8B /* Frameworks */,
				17028DF62DD7AC9900808E8B /* Resources */,
			);
			buildRules = (
			);
			dependencies = (
			);
			fileSystemSynchronizedGroups = (
				17028DFD2DD7AC9900808E8B /* BatteryInfoWidget */,
			);
			name = BatteryInfoWidgetExtension;
			packageProductDependencies = (
			);
			productName = BatteryInfoWidgetExtension;
			productReference = 17028DF82DD7AC9900808E8B /* BatteryInfoWidgetExtension.appex */;
			productType = "com.apple.product-type.app-extension";
		};
		17C2717E2DD7B07D0078DF13 /* BatteryInfoLockScreenWidgetExtension */ = {
			isa = PBXNativeTarget;
			buildConfigurationList = 17C2718F2DD7B07E0078DF13 /* Build configuration list for PBXNativeTarget "BatteryInfoLockScreenWidgetExtension" */;
			buildPhases = (
				17C2717B2DD7B07D0078DF13 /* Sources */,
				17C2717C2DD7B07D0078DF13 /* Frameworks */,
				17C2717D2DD7B07D0078DF13 /* Resources */,
			);
			buildRules = (
			);
			dependencies = (
			);
			fileSystemSynchronizedGroups = (
				17C271822DD7B07D0078DF13 /* BatteryInfoLockScreenWidget */,
			);
			name = BatteryInfoLockScreenWidgetExtension;
			packageProductDependencies = (
			);
			productName = BatteryInfoLockScreenWidgetExtension;
			productReference = 17C2717F2DD7B07D0078DF13 /* BatteryInfoLockScreenWidgetExtension.appex */;
			productType = "com.apple.product-type.app-extension";
		};
/* End PBXNativeTarget section */

/* Begin PBXProject section */
		17028D132DD7AA0600808E8B /* Project object */ = {
			isa = PBXProject;
			attributes = {
				BuildIndependentTargetsInParallel = 1;
				LastSwiftUpdateCheck = 1630;
				LastUpgradeCheck = 1630;
				TargetAttributes = {
					17028D1A2DD7AA0600808E8B = {
						CreatedOnToolsVersion = 16.3;
						LastSwiftMigration = 1630;
					};
					17028DF72DD7AC9900808E8B = {
						CreatedOnToolsVersion = 16.3;
						LastSwiftMigration = 1630;
					};
					17C2717E2DD7B07D0078DF13 = {
						CreatedOnToolsVersion = 16.3;
						LastSwiftMigration = 1630;
					};
				};
			};
			buildConfigurationList = 17028D162DD7AA0600808E8B /* Build configuration list for PBXProject "BatteryInfo" */;
			developmentRegion = en;
			hasScannedForEncodings = 0;
			knownRegions = (
				en,
				Base,
				"zh-Hans",
			);
			mainGroup = 17028D122DD7AA0600808E8B;
			minimizedProjectReferenceProxies = 1;
			preferredProjectObjectVersion = 77;
			productRefGroup = 17028D1C2DD7AA0600808E8B /* Products */;
			projectDirPath = "";
			projectRoot = "";
			targets = (
				17028D1A2DD7AA0600808E8B /* BatteryInfo */,
				17028DF72DD7AC9900808E8B /* BatteryInfoWidgetExtension */,
				17C2717E2DD7B07D0078DF13 /* BatteryInfoLockScreenWidgetExtension */,
			);
		};
/* End PBXProject section */

/* Begin PBXResourcesBuildPhase section */
		17028D192DD7AA0600808E8B /* Resources */ = {
			isa = PBXResourcesBuildPhase;
			buildActionMask = 2147483647;
			files = (
			);
			runOnlyForDeploymentPostprocessing = 0;
		};
		17028DF62DD7AC9900808E8B /* Resources */ = {
			isa = PBXResourcesBuildPhase;
			buildActionMask = 2147483647;
			files = (
			);
			runOnlyForDeploymentPostprocessing = 0;
		};
		17C2717D2DD7B07D0078DF13 /* Resources */ = {
			isa = PBXResourcesBuildPhase;
			buildActionMask = 2147483647;
			files = (
			);
			runOnlyForDeploymentPostprocessing = 0;
		};
/* End PBXResourcesBuildPhase section */

/* Begin PBXSourcesBuildPhase section */
		17028D172DD7AA0600808E8B /* Sources */ = {
			isa = PBXSourcesBuildPhase;
			buildActionMask = 2147483647;
			files = (
			);
			runOnlyForDeploymentPostprocessing = 0;
		};
		17028DF42DD7AC9900808E8B /* Sources */ = {
			isa = PBXSourcesBuildPhase;
			buildActionMask = 2147483647;
			files = (
			);
			runOnlyForDeploymentPostprocessing = 0;
		};
		17C2717B2DD7B07D0078DF13 /* Sources */ = {
			isa = PBXSourcesBuildPhase;
			buildActionMask = 2147483647;
			files = (
			);
			runOnlyForDeploymentPostprocessing = 0;
		};
/* End PBXSourcesBuildPhase section */

/* Begin PBXTargetDependency section */
		17028E062DD7AC9A00808E8B /* PBXTargetDependency */ = {
			isa = PBXTargetDependency;
			target = 17028DF72DD7AC9900808E8B /* BatteryInfoWidgetExtension */;
			targetProxy = 17028E052DD7AC9A00808E8B /* PBXContainerItemProxy */;
		};
		17C2718B2DD7B07E0078DF13 /* PBXTargetDependency */ = {
			isa = PBXTargetDependency;
			target = 17C2717E2DD7B07D0078DF13 /* BatteryInfoLockScreenWidgetExtension */;
			targetProxy = 17C2718A2DD7B07E0078DF13 /* PBXContainerItemProxy */;
		};
/* End PBXTargetDependency section */

/* Begin XCBuildConfiguration section */
		17028D2F2DD7AA0700808E8B /* Debug */ = {
			isa = XCBuildConfiguration;
			buildSettings = {
				ASSETCATALOG_COMPILER_APPICON_NAME = AppIcon;
				ASSETCATALOG_COMPILER_GLOBAL_ACCENT_COLOR_NAME = AccentColor;
				CLANG_ENABLE_MODULES = YES;
				CODE_SIGN_STYLE = Automatic;
				CURRENT_PROJECT_VERSION = 16;
				DEVELOPMENT_TEAM = X2WABLB38D;
				GENERATE_INFOPLIST_FILE = YES;
				INFOPLIST_FILE = BatteryInfo/Info.plist;
				INFOPLIST_KEY_CFBundleDisplayName = "Battery Info";
				INFOPLIST_KEY_LSApplicationCategoryType = "public.app-category.utilities";
				INFOPLIST_KEY_UIApplicationSupportsIndirectInputEvents = YES;
				INFOPLIST_KEY_UILaunchStoryboardName = LaunchScreen;
				INFOPLIST_KEY_UISupportedInterfaceOrientations_iPad = "UIInterfaceOrientationPortrait UIInterfaceOrientationPortraitUpsideDown UIInterfaceOrientationLandscapeLeft UIInterfaceOrientationLandscapeRight";
				INFOPLIST_KEY_UISupportedInterfaceOrientations_iPhone = "UIInterfaceOrientationPortrait UIInterfaceOrientationLandscapeLeft UIInterfaceOrientationLandscapeRight";
				IPHONEOS_DEPLOYMENT_TARGET = 12.2;
				LD_RUNPATH_SEARCH_PATHS = (
					"$(inherited)",
					"@executable_path/Frameworks",
				);
				LIBRARY_SEARCH_PATHS = (
					"$(inherited)",
					"$(PROJECT_DIR)/BatteryInfo",
				);
				MARKETING_VERSION = 1.2.0;
				PRODUCT_BUNDLE_IDENTIFIER = com.developlab.BatteryInfo;
				PRODUCT_NAME = "$(TARGET_NAME)";
				SUPPORTED_PLATFORMS = "iphoneos iphonesimulator";
				SUPPORTS_MACCATALYST = NO;
				SUPPORTS_XR_DESIGNED_FOR_IPHONE_IPAD = NO;
				SWIFT_EMIT_LOC_STRINGS = YES;
				SWIFT_OBJC_BRIDGING_HEADER = "BatteryInfo/BatteryInfo-Bridging-Header.h";
				SWIFT_OPTIMIZATION_LEVEL = "-Onone";
				SWIFT_VERSION = 5.0;
				TARGETED_DEVICE_FAMILY = "1,2";
			};
			name = Debug;
		};
		17028D302DD7AA0700808E8B /* Release */ = {
			isa = XCBuildConfiguration;
			buildSettings = {
				ASSETCATALOG_COMPILER_APPICON_NAME = AppIcon;
				ASSETCATALOG_COMPILER_GLOBAL_ACCENT_COLOR_NAME = AccentColor;
				CLANG_ENABLE_MODULES = YES;
				CODE_SIGN_STYLE = Automatic;
				CURRENT_PROJECT_VERSION = 16;
				DEVELOPMENT_TEAM = X2WABLB38D;
				GENERATE_INFOPLIST_FILE = YES;
				INFOPLIST_FILE = BatteryInfo/Info.plist;
				INFOPLIST_KEY_CFBundleDisplayName = "Battery Info";
				INFOPLIST_KEY_LSApplicationCategoryType = "public.app-category.utilities";
				INFOPLIST_KEY_UIApplicationSupportsIndirectInputEvents = YES;
				INFOPLIST_KEY_UILaunchStoryboardName = LaunchScreen;
				INFOPLIST_KEY_UISupportedInterfaceOrientations_iPad = "UIInterfaceOrientationPortrait UIInterfaceOrientationPortraitUpsideDown UIInterfaceOrientationLandscapeLeft UIInterfaceOrientationLandscapeRight";
				INFOPLIST_KEY_UISupportedInterfaceOrientations_iPhone = "UIInterfaceOrientationPortrait UIInterfaceOrientationLandscapeLeft UIInterfaceOrientationLandscapeRight";
				IPHONEOS_DEPLOYMENT_TARGET = 12.2;
				LD_RUNPATH_SEARCH_PATHS = (
					"$(inherited)",
					"@executable_path/Frameworks",
				);
				LIBRARY_SEARCH_PATHS = (
					"$(inherited)",
					"$(PROJECT_DIR)/BatteryInfo",
				);
				MARKETING_VERSION = 1.2.0;
				PRODUCT_BUNDLE_IDENTIFIER = com.developlab.BatteryInfo;
				PRODUCT_NAME = "$(TARGET_NAME)";
				SUPPORTED_PLATFORMS = "iphoneos iphonesimulator";
				SUPPORTS_MACCATALYST = NO;
				SUPPORTS_XR_DESIGNED_FOR_IPHONE_IPAD = NO;
				SWIFT_EMIT_LOC_STRINGS = YES;
				SWIFT_OBJC_BRIDGING_HEADER = "BatteryInfo/BatteryInfo-Bridging-Header.h";
				SWIFT_VERSION = 5.0;
				TARGETED_DEVICE_FAMILY = "1,2";
			};
			name = Release;
		};
		17028D312DD7AA0700808E8B /* Debug */ = {
			isa = XCBuildConfiguration;
			buildSettings = {
				ALWAYS_SEARCH_USER_PATHS = NO;
				ASSETCATALOG_COMPILER_GENERATE_SWIFT_ASSET_SYMBOL_EXTENSIONS = YES;
				CLANG_ANALYZER_NONNULL = YES;
				CLANG_ANALYZER_NUMBER_OBJECT_CONVERSION = YES_AGGRESSIVE;
				CLANG_CXX_LANGUAGE_STANDARD = "gnu++20";
				CLANG_ENABLE_MODULES = YES;
				CLANG_ENABLE_OBJC_ARC = YES;
				CLANG_ENABLE_OBJC_WEAK = YES;
				CLANG_WARN_BLOCK_CAPTURE_AUTORELEASING = YES;
				CLANG_WARN_BOOL_CONVERSION = YES;
				CLANG_WARN_COMMA = YES;
				CLANG_WARN_CONSTANT_CONVERSION = YES;
				CLANG_WARN_DEPRECATED_OBJC_IMPLEMENTATIONS = YES;
				CLANG_WARN_DIRECT_OBJC_ISA_USAGE = YES_ERROR;
				CLANG_WARN_DOCUMENTATION_COMMENTS = YES;
				CLANG_WARN_EMPTY_BODY = YES;
				CLANG_WARN_ENUM_CONVERSION = YES;
				CLANG_WARN_INFINITE_RECURSION = YES;
				CLANG_WARN_INT_CONVERSION = YES;
				CLANG_WARN_NON_LITERAL_NULL_CONVERSION = YES;
				CLANG_WARN_OBJC_IMPLICIT_RETAIN_SELF = YES;
				CLANG_WARN_OBJC_LITERAL_CONVERSION = YES;
				CLANG_WARN_OBJC_ROOT_CLASS = YES_ERROR;
				CLANG_WARN_QUOTED_INCLUDE_IN_FRAMEWORK_HEADER = YES;
				CLANG_WARN_RANGE_LOOP_ANALYSIS = YES;
				CLANG_WARN_STRICT_PROTOTYPES = YES;
				CLANG_WARN_SUSPICIOUS_MOVE = YES;
				CLANG_WARN_UNGUARDED_AVAILABILITY = YES_AGGRESSIVE;
				CLANG_WARN_UNREACHABLE_CODE = YES;
				CLANG_WARN__DUPLICATE_METHOD_MATCH = YES;
				COPY_PHASE_STRIP = NO;
				DEBUG_INFORMATION_FORMAT = dwarf;
				DEVELOPMENT_TEAM = X2WABLB38D;
				ENABLE_STRICT_OBJC_MSGSEND = YES;
				ENABLE_TESTABILITY = YES;
				ENABLE_USER_SCRIPT_SANDBOXING = YES;
				GCC_C_LANGUAGE_STANDARD = gnu17;
				GCC_DYNAMIC_NO_PIC = NO;
				GCC_NO_COMMON_BLOCKS = YES;
				GCC_OPTIMIZATION_LEVEL = 0;
				GCC_PREPROCESSOR_DEFINITIONS = (
					"DEBUG=1",
					"$(inherited)",
				);
				GCC_WARN_64_TO_32_BIT_CONVERSION = YES;
				GCC_WARN_ABOUT_RETURN_TYPE = YES_ERROR;
				GCC_WARN_UNDECLARED_SELECTOR = YES;
				GCC_WARN_UNINITIALIZED_AUTOS = YES_AGGRESSIVE;
				GCC_WARN_UNUSED_FUNCTION = YES;
				GCC_WARN_UNUSED_VARIABLE = YES;
				IPHONEOS_DEPLOYMENT_TARGET = 18.4;
				LOCALIZATION_PREFERS_STRING_CATALOGS = YES;
				MTL_ENABLE_DEBUG_INFO = INCLUDE_SOURCE;
				MTL_FAST_MATH = YES;
				ONLY_ACTIVE_ARCH = YES;
				SDKROOT = iphoneos;
				SWIFT_ACTIVE_COMPILATION_CONDITIONS = "DEBUG $(inherited)";
				SWIFT_OPTIMIZATION_LEVEL = "-Onone";
			};
			name = Debug;
		};
		17028D322DD7AA0700808E8B /* Release */ = {
			isa = XCBuildConfiguration;
			buildSettings = {
				ALWAYS_SEARCH_USER_PATHS = NO;
				ASSETCATALOG_COMPILER_GENERATE_SWIFT_ASSET_SYMBOL_EXTENSIONS = YES;
				CLANG_ANALYZER_NONNULL = YES;
				CLANG_ANALYZER_NUMBER_OBJECT_CONVERSION = YES_AGGRESSIVE;
				CLANG_CXX_LANGUAGE_STANDARD = "gnu++20";
				CLANG_ENABLE_MODULES = YES;
				CLANG_ENABLE_OBJC_ARC = YES;
				CLANG_ENABLE_OBJC_WEAK = YES;
				CLANG_WARN_BLOCK_CAPTURE_AUTORELEASING = YES;
				CLANG_WARN_BOOL_CONVERSION = YES;
				CLANG_WARN_COMMA = YES;
				CLANG_WARN_CONSTANT_CONVERSION = YES;
				CLANG_WARN_DEPRECATED_OBJC_IMPLEMENTATIONS = YES;
				CLANG_WARN_DIRECT_OBJC_ISA_USAGE = YES_ERROR;
				CLANG_WARN_DOCUMENTATION_COMMENTS = YES;
				CLANG_WARN_EMPTY_BODY = YES;
				CLANG_WARN_ENUM_CONVERSION = YES;
				CLANG_WARN_INFINITE_RECURSION = YES;
				CLANG_WARN_INT_CONVERSION = YES;
				CLANG_WARN_NON_LITERAL_NULL_CONVERSION = YES;
				CLANG_WARN_OBJC_IMPLICIT_RETAIN_SELF = YES;
				CLANG_WARN_OBJC_LITERAL_CONVERSION = YES;
				CLANG_WARN_OBJC_ROOT_CLASS = YES_ERROR;
				CLANG_WARN_QUOTED_INCLUDE_IN_FRAMEWORK_HEADER = YES;
				CLANG_WARN_RANGE_LOOP_ANALYSIS = YES;
				CLANG_WARN_STRICT_PROTOTYPES = YES;
				CLANG_WARN_SUSPICIOUS_MOVE = YES;
				CLANG_WARN_UNGUARDED_AVAILABILITY = YES_AGGRESSIVE;
				CLANG_WARN_UNREACHABLE_CODE = YES;
				CLANG_WARN__DUPLICATE_METHOD_MATCH = YES;
				COPY_PHASE_STRIP = NO;
				DEBUG_INFORMATION_FORMAT = "dwarf-with-dsym";
				DEVELOPMENT_TEAM = X2WABLB38D;
				ENABLE_NS_ASSERTIONS = NO;
				ENABLE_STRICT_OBJC_MSGSEND = YES;
				ENABLE_USER_SCRIPT_SANDBOXING = YES;
				GCC_C_LANGUAGE_STANDARD = gnu17;
				GCC_NO_COMMON_BLOCKS = YES;
				GCC_WARN_64_TO_32_BIT_CONVERSION = YES;
				GCC_WARN_ABOUT_RETURN_TYPE = YES_ERROR;
				GCC_WARN_UNDECLARED_SELECTOR = YES;
				GCC_WARN_UNINITIALIZED_AUTOS = YES_AGGRESSIVE;
				GCC_WARN_UNUSED_FUNCTION = YES;
				GCC_WARN_UNUSED_VARIABLE = YES;
				IPHONEOS_DEPLOYMENT_TARGET = 18.4;
				LOCALIZATION_PREFERS_STRING_CATALOGS = YES;
				MTL_ENABLE_DEBUG_INFO = NO;
				MTL_FAST_MATH = YES;
				SDKROOT = iphoneos;
				SWIFT_COMPILATION_MODE = wholemodule;
				VALIDATE_PRODUCT = YES;
			};
			name = Release;
		};
		17028E0A2DD7AC9A00808E8B /* Debug */ = {
			isa = XCBuildConfiguration;
			buildSettings = {
				ASSETCATALOG_COMPILER_GLOBAL_ACCENT_COLOR_NAME = AccentColor;
				ASSETCATALOG_COMPILER_WIDGET_BACKGROUND_COLOR_NAME = WidgetBackground;
				CLANG_ENABLE_MODULES = YES;
				CODE_SIGN_STYLE = Automatic;
				CURRENT_PROJECT_VERSION = 1;
				DEVELOPMENT_TEAM = X2WABLB38D;
				GENERATE_INFOPLIST_FILE = YES;
				INFOPLIST_FILE = BatteryInfoWidget/Info.plist;
				INFOPLIST_KEY_CFBundleDisplayName = BatteryInfoWidget;
				INFOPLIST_KEY_NSHumanReadableCopyright = "";
				IPHONEOS_DEPLOYMENT_TARGET = 14.0;
				LD_RUNPATH_SEARCH_PATHS = (
					"$(inherited)",
					"@executable_path/Frameworks",
					"@executable_path/../../Frameworks",
				);
				MARKETING_VERSION = 1.0;
				PRODUCT_BUNDLE_IDENTIFIER = com.developlab.BatteryInfo.BatteryInfoWidget;
				PRODUCT_NAME = "$(TARGET_NAME)";
				SKIP_INSTALL = YES;
				SUPPORTED_PLATFORMS = "iphoneos iphonesimulator";
				SUPPORTS_MACCATALYST = NO;
				SUPPORTS_XR_DESIGNED_FOR_IPHONE_IPAD = NO;
				SWIFT_EMIT_LOC_STRINGS = YES;
				SWIFT_OBJC_BRIDGING_HEADER = "BatteryInfoWidget/BatteryInfoWidgetExtension-Bridging-Header.h";
				SWIFT_OPTIMIZATION_LEVEL = "-Onone";
				SWIFT_VERSION = 5.0;
				TARGETED_DEVICE_FAMILY = "1,2";
			};
			name = Debug;
		};
		17028E0B2DD7AC9A00808E8B /* Release */ = {
			isa = XCBuildConfiguration;
			buildSettings = {
				ASSETCATALOG_COMPILER_GLOBAL_ACCENT_COLOR_NAME = AccentColor;
				ASSETCATALOG_COMPILER_WIDGET_BACKGROUND_COLOR_NAME = WidgetBackground;
				CLANG_ENABLE_MODULES = YES;
				CODE_SIGN_STYLE = Automatic;
				CURRENT_PROJECT_VERSION = 1;
				DEVELOPMENT_TEAM = X2WABLB38D;
				GENERATE_INFOPLIST_FILE = YES;
				INFOPLIST_FILE = BatteryInfoWidget/Info.plist;
				INFOPLIST_KEY_CFBundleDisplayName = BatteryInfoWidget;
				INFOPLIST_KEY_NSHumanReadableCopyright = "";
				IPHONEOS_DEPLOYMENT_TARGET = 14.0;
				LD_RUNPATH_SEARCH_PATHS = (
					"$(inherited)",
					"@executable_path/Frameworks",
					"@executable_path/../../Frameworks",
				);
				MARKETING_VERSION = 1.0;
				PRODUCT_BUNDLE_IDENTIFIER = com.developlab.BatteryInfo.BatteryInfoWidget;
				PRODUCT_NAME = "$(TARGET_NAME)";
				SKIP_INSTALL = YES;
				SUPPORTED_PLATFORMS = "iphoneos iphonesimulator";
				SUPPORTS_MACCATALYST = NO;
				SUPPORTS_XR_DESIGNED_FOR_IPHONE_IPAD = NO;
				SWIFT_EMIT_LOC_STRINGS = YES;
				SWIFT_OBJC_BRIDGING_HEADER = "BatteryInfoWidget/BatteryInfoWidgetExtension-Bridging-Header.h";
				SWIFT_VERSION = 5.0;
				TARGETED_DEVICE_FAMILY = "1,2";
			};
			name = Release;
		};
		17C2718D2DD7B07E0078DF13 /* Debug */ = {
			isa = XCBuildConfiguration;
			buildSettings = {
				ASSETCATALOG_COMPILER_GLOBAL_ACCENT_COLOR_NAME = AccentColor;
				ASSETCATALOG_COMPILER_WIDGET_BACKGROUND_COLOR_NAME = WidgetBackground;
				CLANG_ENABLE_MODULES = YES;
				CODE_SIGN_STYLE = Automatic;
				CURRENT_PROJECT_VERSION = 1;
				DEVELOPMENT_TEAM = X2WABLB38D;
				GENERATE_INFOPLIST_FILE = YES;
				INFOPLIST_FILE = BatteryInfoLockScreenWidget/Info.plist;
				INFOPLIST_KEY_CFBundleDisplayName = BatteryInfoLockScreenWidget;
				INFOPLIST_KEY_NSHumanReadableCopyright = "";
				IPHONEOS_DEPLOYMENT_TARGET = 16.0;
				LD_RUNPATH_SEARCH_PATHS = (
					"$(inherited)",
					"@executable_path/Frameworks",
					"@executable_path/../../Frameworks",
				);
				MARKETING_VERSION = 1.0;
				PRODUCT_BUNDLE_IDENTIFIER = com.developlab.BatteryInfo.BatteryInfoLockScreenWidget;
				PRODUCT_NAME = "$(TARGET_NAME)";
				SKIP_INSTALL = YES;
				SWIFT_EMIT_LOC_STRINGS = YES;
				SWIFT_OBJC_BRIDGING_HEADER = "BatteryInfoLockScreenWidget/BatteryInfoLockScreenWidgetExtension-Bridging-Header.h";
				SWIFT_OPTIMIZATION_LEVEL = "-Onone";
				SWIFT_VERSION = 5.0;
				TARGETED_DEVICE_FAMILY = "1,2";
			};
			name = Debug;
		};
		17C2718E2DD7B07E0078DF13 /* Release */ = {
			isa = XCBuildConfiguration;
			buildSettings = {
				ASSETCATALOG_COMPILER_GLOBAL_ACCENT_COLOR_NAME = AccentColor;
				ASSETCATALOG_COMPILER_WIDGET_BACKGROUND_COLOR_NAME = WidgetBackground;
				CLANG_ENABLE_MODULES = YES;
				CODE_SIGN_STYLE = Automatic;
				CURRENT_PROJECT_VERSION = 1;
				DEVELOPMENT_TEAM = X2WABLB38D;
				GENERATE_INFOPLIST_FILE = YES;
				INFOPLIST_FILE = BatteryInfoLockScreenWidget/Info.plist;
				INFOPLIST_KEY_CFBundleDisplayName = BatteryInfoLockScreenWidget;
				INFOPLIST_KEY_NSHumanReadableCopyright = "";
				IPHONEOS_DEPLOYMENT_TARGET = 16.0;
				LD_RUNPATH_SEARCH_PATHS = (
					"$(inherited)",
					"@executable_path/Frameworks",
					"@executable_path/../../Frameworks",
				);
				MARKETING_VERSION = 1.0;
				PRODUCT_BUNDLE_IDENTIFIER = com.developlab.BatteryInfo.BatteryInfoLockScreenWidget;
				PRODUCT_NAME = "$(TARGET_NAME)";
				SKIP_INSTALL = YES;
				SWIFT_EMIT_LOC_STRINGS = YES;
				SWIFT_OBJC_BRIDGING_HEADER = "BatteryInfoLockScreenWidget/BatteryInfoLockScreenWidgetExtension-Bridging-Header.h";
				SWIFT_VERSION = 5.0;
				TARGETED_DEVICE_FAMILY = "1,2";
			};
			name = Release;
		};
/* End XCBuildConfiguration section */

/* Begin XCConfigurationList section */
		17028D162DD7AA0600808E8B /* Build configuration list for PBXProject "BatteryInfo" */ = {
			isa = XCConfigurationList;
			buildConfigurations = (
				17028D312DD7AA0700808E8B /* Debug */,
				17028D322DD7AA0700808E8B /* Release */,
			);
			defaultConfigurationIsVisible = 0;
			defaultConfigurationName = Release;
		};
		17028D2E2DD7AA0700808E8B /* Build configuration list for PBXNativeTarget "BatteryInfo" */ = {
			isa = XCConfigurationList;
			buildConfigurations = (
				17028D2F2DD7AA0700808E8B /* Debug */,
				17028D302DD7AA0700808E8B /* Release */,
			);
			defaultConfigurationIsVisible = 0;
			defaultConfigurationName = Release;
		};
		17028E092DD7AC9A00808E8B /* Build configuration list for PBXNativeTarget "BatteryInfoWidgetExtension" */ = {
			isa = XCConfigurationList;
			buildConfigurations = (
				17028E0A2DD7AC9A00808E8B /* Debug */,
				17028E0B2DD7AC9A00808E8B /* Release */,
			);
			defaultConfigurationIsVisible = 0;
			defaultConfigurationName = Release;
		};
		17C2718F2DD7B07E0078DF13 /* Build configuration list for PBXNativeTarget "BatteryInfoLockScreenWidgetExtension" */ = {
			isa = XCConfigurationList;
			buildConfigurations = (
				17C2718D2DD7B07E0078DF13 /* Debug */,
				17C2718E2DD7B07E0078DF13 /* Release */,
			);
			defaultConfigurationIsVisible = 0;
			defaultConfigurationName = Release;
		};
/* End XCConfigurationList section */
	};
	rootObject = 17028D132DD7AA0600808E8B /* Project object */;
}
